{
  "name": "yujietuo-task-sendout",
  "version": "1.0.0",
  "lockfileVersion": 1,
  "requires": true,
  "dependencies": {
    "vant-weapp": {
      "version": "0.5.7",
      "resolved": "https://registry.npmjs.org/vant-weapp/-/vant-weapp-0.5.7.tgz",
      "integrity": "sha512-YPMOvOPfVKz7i2CtW7MDDgfInp/U4AWpuJ3wBJN7N+ML9T2cUyfbqd3f9ja77DPNKv2yiL65DbiVzMKudGg8Rw=="
    },
    "wuss-weapp": {
      "version": "2.1.3",
      "resolved": "https://registry.npmjs.org/wuss-weapp/-/wuss-weapp-2.1.3.tgz",
      "integrity": "sha512-EFM0lzIiWBXQjl5q7fyWTCUGV/IGOrQefC5Gz5v7sFGlQSzHbZw4AZ3I1SJDiMEnaOPfPy5NiRLEJGBXITS/Yg=="
    }
  }
}
